
Microsoft Visual Studio Solution File, Format Version 12.00
# Visual Studio 2017
Project("{FAE04EC0-301F-11D3-BF4B-00C04F79EFBC}") = "Day14_2DPlatformerGame", "Day14_2DPlatformerGame.csproj", "{5D40A896-BE7C-4839-0F17-3C1190F7463D}"
EndProject
Global
	GlobalSection(SolutionConfigurationPlatforms) = preSolution
		Debug|Any CPU = Debug|Any CPU
		Release|Any CPU = Release|Any CPU
	EndGlobalSection
	GlobalSection(ProjectConfigurationPlatforms) = postSolution
		{5D40A896-BE7C-4839-0F17-3C1190F7463D}.Debug|Any CPU.ActiveCfg = Debug|Any CPU
		{5D40A896-BE7C-4839-0F17-3C1190F7463D}.Debug|Any CPU.Build.0 = Debug|Any CPU
		{5D40A896-BE7C-4839-0F17-3C1190F7463D}.Release|Any CPU.ActiveCfg = Release|Any CPU
		{5D40A896-BE7C-4839-0F17-3C1190F7463D}.Release|Any CPU.Build.0 = Release|Any CPU
	EndGlobalSection
	GlobalSection(SolutionProperties) = preSolution
		HideSolutionNode = FALSE
	EndGlobalSection
EndGlobal
